
Microsoft Visual Studio Solution File, Format Version 12.00
# Visual Studio 15
VisualStudioVersion = 15.0.27130.2026
MinimumVisualStudioVersion = 10.0.40219.1
Project("{FAE04EC0-301F-11D3-BF4B-00C04F79EFBC}") = "VelocityMap", "VelocityMap\VelocityMap.csproj", "{64B241C3-C7BD-4B60-9B13-0A603A637F87}"
EndProject
Project("{FAE04EC0-301F-11D3-BF4B-00C04F79EFBC}") = "bulldogForms", "bulldogForms\bulldogForms.csproj", "{37F2A6CF-7337-4E23-AC94-83438F416773}"
EndProject
Global
	GlobalSection(SolutionConfigurationPlatforms) = preSolution
		Debug|Any CPU = Debug|Any CPU
		Release|Any CPU = Release|Any CPU
	EndGlobalSection
	GlobalSection(ProjectConfigurationPlatforms) = postSolution
		{64B241C3-C7BD-4B60-9B13-0A603A637F87}.Debug|Any CPU.ActiveCfg = Debug|Any CPU
		{64B241C3-C7BD-4B60-9B13-0A603A637F87}.Debug|Any CPU.Build.0 = Debug|Any CPU
		{64B241C3-C7BD-4B60-9B13-0A603A637F87}.Release|Any CPU.ActiveCfg = Release|Any CPU
		{64B241C3-C7BD-4B60-9B13-0A603A637F87}.Release|Any CPU.Build.0 = Release|Any CPU
		{37F2A6CF-7337-4E23-AC94-83438F416773}.Debug|Any CPU.ActiveCfg = Debug|Any CPU
		{37F2A6CF-7337-4E23-AC94-83438F416773}.Debug|Any CPU.Build.0 = Debug|Any CPU
		{37F2A6CF-7337-4E23-AC94-83438F416773}.Release|Any CPU.ActiveCfg = Release|Any CPU
		{37F2A6CF-7337-4E23-AC94-83438F416773}.Release|Any CPU.Build.0 = Release|Any CPU
	EndGlobalSection
	GlobalSection(SolutionProperties) = preSolution
		HideSolutionNode = FALSE
	EndGlobalSection
	GlobalSection(ExtensibilityGlobals) = postSolution
		SolutionGuid = {E39273E0-8D8D-4173-B553-DFAF39F3F302}
	EndGlobalSection
EndGlobal
